
Microsoft Visual Studio Solution File, Format Version 12.00
# Visual Studio Version 16
VisualStudioVersion = 16.0.30114.105
MinimumVisualStudioVersion = 10.0.40219.1
Project("{FAE04EC0-301F-11D3-BF4B-00C04F79EFBC}") = "BadcertDeploy", "BadcertDeploy\BadcertDeploy.csproj", "{70520E56-FF1E-41F6-A7C2-7E90D3DC74DB}"
EndProject
Global
	GlobalSection(SolutionConfigurationPlatforms) = preSolution
		Debug|Any CPU = Debug|Any CPU
		Release|Any CPU = Release|Any CPU
	EndGlobalSection
	GlobalSection(ProjectConfigurationPlatforms) = postSolution
		{70520E56-FF1E-41F6-A7C2-7E90D3DC74DB}.Debug|Any CPU.ActiveCfg = Debug|Any CPU
		{70520E56-FF1E-41F6-A7C2-7E90D3DC74DB}.Debug|Any CPU.Build.0 = Debug|Any CPU
		{70520E56-FF1E-41F6-A7C2-7E90D3DC74DB}.Release|Any CPU.ActiveCfg = Release|Any CPU
		{70520E56-FF1E-41F6-A7C2-7E90D3DC74DB}.Release|Any CPU.Build.0 = Release|Any CPU
	EndGlobalSection
	GlobalSection(SolutionProperties) = preSolution
		HideSolutionNode = FALSE
	EndGlobalSection
	GlobalSection(ExtensibilityGlobals) = postSolution
		SolutionGuid = {97CCD966-6ECD-474E-A395-25D79EA95B2A}
	EndGlobalSection
EndGlobal
